
Microsoft Visual Studio Solution File, Format Version 12.00
# Blend for Visual Studio 14
VisualStudioVersion = 14.0.25420.1
MinimumVisualStudioVersion = 10.0.40219.1
Project("{FAE04EC0-301F-11D3-BF4B-00C04F79EFBC}") = "DolphinServer", "DolphinServer\DolphinServer.csproj", "{D3C0D87C-E6F4-424F-BA11-587E13AF5404}"
EndProject
Project("{FAE04EC0-301F-11D3-BF4B-00C04F79EFBC}") = "Free.Dolphin.Core", "Free.Dolphin.Core\Free.Dolphin.Core.csproj", "{099B1703-E9E8-47D9-A851-19AC11C66C4A}"
EndProject
Project("{FAE04EC0-301F-11D3-BF4B-00C04F79EFBC}") = "Free.Dolphin.Common", "Free.Dolphin.Common\Free.Dolphin.Common.csproj", "{DEEA5DCC-3E77-456A-A745-06B87A8256FB}"
EndProject
Global
	GlobalSection(SolutionConfigurationPlatforms) = preSolution
		Debug_Ubuntu|Any CPU = Debug_Ubuntu|Any CPU
		Debug|Any CPU = Debug|Any CPU
		Release_Ubuntu|Any CPU = Release_Ubuntu|Any CPU
		Release|Any CPU = Release|Any CPU
	EndGlobalSection
	GlobalSection(ProjectConfigurationPlatforms) = postSolution
		{D3C0D87C-E6F4-424F-BA11-587E13AF5404}.Debug_Ubuntu|Any CPU.ActiveCfg = Debug|Any CPU
		{D3C0D87C-E6F4-424F-BA11-587E13AF5404}.Debug_Ubuntu|Any CPU.Build.0 = Debug|Any CPU
		{D3C0D87C-E6F4-424F-BA11-587E13AF5404}.Debug|Any CPU.ActiveCfg = Debug|Any CPU
		{D3C0D87C-E6F4-424F-BA11-587E13AF5404}.Debug|Any CPU.Build.0 = Debug|Any CPU
		{D3C0D87C-E6F4-424F-BA11-587E13AF5404}.Release_Ubuntu|Any CPU.ActiveCfg = Release|Any CPU
		{D3C0D87C-E6F4-424F-BA11-587E13AF5404}.Release_Ubuntu|Any CPU.Build.0 = Release|Any CPU
		{D3C0D87C-E6F4-424F-BA11-587E13AF5404}.Release|Any CPU.ActiveCfg = Release|Any CPU
		{D3C0D87C-E6F4-424F-BA11-587E13AF5404}.Release|Any CPU.Build.0 = Release|Any CPU
		{099B1703-E9E8-47D9-A851-19AC11C66C4A}.Debug_Ubuntu|Any CPU.ActiveCfg = Debug|Any CPU
		{099B1703-E9E8-47D9-A851-19AC11C66C4A}.Debug_Ubuntu|Any CPU.Build.0 = Debug|Any CPU
		{099B1703-E9E8-47D9-A851-19AC11C66C4A}.Debug|Any CPU.ActiveCfg = Debug|Any CPU
		{099B1703-E9E8-47D9-A851-19AC11C66C4A}.Debug|Any CPU.Build.0 = Debug|Any CPU
		{099B1703-E9E8-47D9-A851-19AC11C66C4A}.Release_Ubuntu|Any CPU.ActiveCfg = Release|Any CPU
		{099B1703-E9E8-47D9-A851-19AC11C66C4A}.Release_Ubuntu|Any CPU.Build.0 = Release|Any CPU
		{099B1703-E9E8-47D9-A851-19AC11C66C4A}.Release|Any CPU.ActiveCfg = Release|Any CPU
		{099B1703-E9E8-47D9-A851-19AC11C66C4A}.Release|Any CPU.Build.0 = Release|Any CPU
		{DEEA5DCC-3E77-456A-A745-06B87A8256FB}.Debug_Ubuntu|Any CPU.ActiveCfg = Debug|Any CPU
		{DEEA5DCC-3E77-456A-A745-06B87A8256FB}.Debug_Ubuntu|Any CPU.Build.0 = Debug|Any CPU
		{DEEA5DCC-3E77-456A-A745-06B87A8256FB}.Debug|Any CPU.ActiveCfg = Debug|Any CPU
		{DEEA5DCC-3E77-456A-A745-06B87A8256FB}.Debug|Any CPU.Build.0 = Debug|Any CPU
		{DEEA5DCC-3E77-456A-A745-06B87A8256FB}.Release_Ubuntu|Any CPU.ActiveCfg = Release|Any CPU
		{DEEA5DCC-3E77-456A-A745-06B87A8256FB}.Release_Ubuntu|Any CPU.Build.0 = Release|Any CPU
		{DEEA5DCC-3E77-456A-A745-06B87A8256FB}.Release|Any CPU.ActiveCfg = Release|Any CPU
		{DEEA5DCC-3E77-456A-A745-06B87A8256FB}.Release|Any CPU.Build.0 = Release|Any CPU
	EndGlobalSection
	GlobalSection(SolutionProperties) = preSolution
		HideSolutionNode = FALSE
	EndGlobalSection
EndGlobal
